
Microsoft Visual Studio Solution File, Format Version 12.00
# Visual Studio Version 16
VisualStudioVersion = 16.0.31702.278
MinimumVisualStudioVersion = 10.0.40219.1
Project("{FAE04EC0-301F-11D3-BF4B-00C04F79EFBC}") = "Maj", "Maj\Maj.csproj", "{6B03B1E6-1FA8-4A6D-A559-3101641F7D96}"
EndProject
Global
	GlobalSection(SolutionConfigurationPlatforms) = preSolution
		Debug|Any CPU = Debug|Any CPU
		Release|Any CPU = Release|Any CPU
	EndGlobalSection
	GlobalSection(ProjectConfigurationPlatforms) = postSolution
		{6B03B1E6-1FA8-4A6D-A559-3101641F7D96}.Debug|Any CPU.ActiveCfg = Debug|Any CPU
		{6B03B1E6-1FA8-4A6D-A559-3101641F7D96}.Debug|Any CPU.Build.0 = Debug|Any CPU
		{6B03B1E6-1FA8-4A6D-A559-3101641F7D96}.Release|Any CPU.ActiveCfg = Release|Any CPU
		{6B03B1E6-1FA8-4A6D-A559-3101641F7D96}.Release|Any CPU.Build.0 = Release|Any CPU
	EndGlobalSection
	GlobalSection(SolutionProperties) = preSolution
		HideSolutionNode = FALSE
	EndGlobalSection
	GlobalSection(ExtensibilityGlobals) = postSolution
		SolutionGuid = {3B8F4653-3BEC-4106-9FCB-F0B36E6F193E}
	EndGlobalSection
EndGlobal
